// !$*UTF8*$!
{
	archiveVersion = 1;
	classes = {
	};
	objectVersion = 55;
	objects = {

/* Begin PBXBuildFile section */
		4C86E08627834DEE00963717 /* AppDelegate.swift in Sources */ = {isa = PBXBuildFile; fileRef = 4C86E08527834DEE00963717 /* AppDelegate.swift */; };
		4C86E08827834DEE00963717 /* SceneDelegate.swift in Sources */ = {isa = PBXBuildFile; fileRef = 4C86E08727834DEE00963717 /* SceneDelegate.swift */; };
		4C86E08A27834DEE00963717 /* MainViewController.swift in Sources */ = {isa = PBXBuildFile; fileRef = 4C86E08927834DEE00963717 /* MainViewController.swift */; };
		4C86E08F27834DF100963717 /* Assets.xcassets in Resources */ = {isa = PBXBuildFile; fileRef = 4C86E08E27834DF100963717 /* Assets.xcassets */; };
		4C86E09B27834E0C00963717 /* SnapKit in Frameworks */ = {isa = PBXBuildFile; productRef = 4C86E09A27834E0C00963717 /* SnapKit */; };
		4C86E0A7278437F100963717 /* StartViewController.swift in Sources */ = {isa = PBXBuildFile; fileRef = 4C86E0A6278437F100963717 /* StartViewController.swift */; };
		4C86E0AB27843F8500963717 /* APIService.swift in Sources */ = {isa = PBXBuildFile; fileRef = 4C86E0AA27843F8500963717 /* APIService.swift */; };
		4C86E0B02784415E00963717 /* BaseViewController.swift in Sources */ = {isa = PBXBuildFile; fileRef = 4C86E0AF2784415E00963717 /* BaseViewController.swift */; };
		4C86E0B32784593B00963717 /* RxCocoa in Frameworks */ = {isa = PBXBuildFile; productRef = 4C86E0B22784593B00963717 /* RxCocoa */; };
		4C86E0B52784593B00963717 /* RxSwift in Frameworks */ = {isa = PBXBuildFile; productRef = 4C86E0B42784593B00963717 /* RxSwift */; };
		4C86E0B727845A7C00963717 /* SignInViewController.swift in Sources */ = {isa = PBXBuildFile; fileRef = 4C86E0B627845A7C00963717 /* SignInViewController.swift */; };
		4C86E0B927845A8900963717 /* SignUpViewController.swift in Sources */ = {isa = PBXBuildFile; fileRef = 4C86E0B827845A8900963717 /* SignUpViewController.swift */; };
		4C86E0C12784762C00963717 /* UIViewController + Extension.swift in Sources */ = {isa = PBXBuildFile; fileRef = 4C86E0C02784762C00963717 /* UIViewController + Extension.swift */; };
		4C86E0C8278489C000963717 /* Model.swift in Sources */ = {isa = PBXBuildFile; fileRef = 4C86E0C7278489C000963717 /* Model.swift */; };
		4C86E0CB2784AFC800963717 /* EndPoint.swift in Sources */ = {isa = PBXBuildFile; fileRef = 4C86E0CA2784AFC800963717 /* EndPoint.swift */; };
		4C86E0DC2785B96800963717 /* SignupViewModel.swift in Sources */ = {isa = PBXBuildFile; fileRef = 4C86E0DB2785B96800963717 /* SignupViewModel.swift */; };
		4C86E0DE2785B98E00963717 /* Observable.swift in Sources */ = {isa = PBXBuildFile; fileRef = 4C86E0DD2785B98E00963717 /* Observable.swift */; };
		4C86E0E52785FA6700963717 /* SigninViewModel.swift in Sources */ = {isa = PBXBuildFile; fileRef = 4C86E0E42785FA6700963717 /* SigninViewModel.swift */; };
		4C86E0E72786080800963717 /* MainTableViewCell.swift in Sources */ = {isa = PBXBuildFile; fileRef = 4C86E0E62786080800963717 /* MainTableViewCell.swift */; };
		4C86E0E92786107600963717 /* MainViewModel.swift in Sources */ = {isa = PBXBuildFile; fileRef = 4C86E0E82786107600963717 /* MainViewModel.swift */; };
		4C86E0EF2786E3C600963717 /* WriteViewController.swift in Sources */ = {isa = PBXBuildFile; fileRef = 4C86E0EE2786E3C600963717 /* WriteViewController.swift */; };
		4C86E0F12786E41B00963717 /* DetailPostViewController.swift in Sources */ = {isa = PBXBuildFile; fileRef = 4C86E0F02786E41B00963717 /* DetailPostViewController.swift */; };
		4C86E0F52786E4B800963717 /* DetailPostTableViewCell.swift in Sources */ = {isa = PBXBuildFile; fileRef = 4C86E0F42786E4B800963717 /* DetailPostTableViewCell.swift */; };
		4C86E0F72786E96A00963717 /* PostTopView.swift in Sources */ = {isa = PBXBuildFile; fileRef = 4C86E0F62786E96A00963717 /* PostTopView.swift */; };
		4C86E0F92786F8EB00963717 /* DetailPostViewModel.swift in Sources */ = {isa = PBXBuildFile; fileRef = 4C86E0F82786F8EB00963717 /* DetailPostViewModel.swift */; };
		4C86E0FB27870AAE00963717 /* UILabel + Class.swift in Sources */ = {isa = PBXBuildFile; fileRef = 4C86E0FA27870AAE00963717 /* UILabel + Class.swift */; };
		4C86E125278BF68700963717 /* String + Date + Extension.swift in Sources */ = {isa = PBXBuildFile; fileRef = 4C86E124278BF68700963717 /* String + Date + Extension.swift */; };
/* End PBXBuildFile section */

/* Begin PBXFileReference section */
		4C86E08527834DEE00963717 /* AppDelegate.swift */ = {isa = PBXFileReference; lastKnownFileType = sourcecode.swift; path = AppDelegate.swift; sourceTree = "<group>"; };
		4C86E08727834DEE00963717 /* SceneDelegate.swift */ = {isa = PBXFileReference; lastKnownFileType = sourcecode.swift; path = SceneDelegate.swift; sourceTree = "<group>"; };
		4C86E08927834DEE00963717 /* MainViewController.swift */ = {isa = PBXFileReference; lastKnownFileType = sourcecode.swift; path = MainViewController.swift; sourceTree = "<group>"; };
		4C86E08E27834DF100963717 /* Assets.xcassets */ = {isa = PBXFileReference; lastKnownFileType = folder.assetcatalog; path = Assets.xcassets; sourceTree = "<group>"; };
		4C86E09327834DF100963717 /* Info.plist */ = {isa = PBXFileReference; lastKnownFileType = text.plist.xml; path = Info.plist; sourceTree = "<group>"; };
		4C86E0A6278437F100963717 /* StartViewController.swift */ = {isa = PBXFileReference; lastKnownFileType = sourcecode.swift; path = StartViewController.swift; sourceTree = "<group>"; };
		4C86E0AA27843F8500963717 /* APIService.swift */ = {isa = PBXFileReference; lastKnownFileType = sourcecode.swift; path = APIService.swift; sourceTree = "<group>"; };
		4C86E0AF2784415E00963717 /* BaseViewController.swift */ = {isa = PBXFileReference; lastKnownFileType = sourcecode.swift; path = BaseViewController.swift; sourceTree = "<group>"; };
		4C86E0B627845A7C00963717 /* SignInViewController.swift */ = {isa = PBXFileReference; lastKnownFileType = sourcecode.swift; path = SignInViewController.swift; sourceTree = "<group>"; };
		4C86E0B827845A8900963717 /* SignUpViewController.swift */ = {isa = PBXFileReference; lastKnownFileType = sourcecode.swift; path = SignUpViewController.swift; sourceTree = "<group>"; };
		4C86E0C02784762C00963717 /* UIViewController + Extension.swift */ = {isa = PBXFileReference; lastKnownFileType = sourcecode.swift; path = "UIViewController + Extension.swift"; sourceTree = "<group>"; };
		4C86E0C7278489C000963717 /* Model.swift */ = {isa = PBXFileReference; lastKnownFileType = sourcecode.swift; path = Model.swift; sourceTree = "<group>"; };
		4C86E0CA2784AFC800963717 /* EndPoint.swift */ = {isa = PBXFileReference; lastKnownFileType = sourcecode.swift; path = EndPoint.swift; sourceTree = "<group>"; };
		4C86E0DB2785B96800963717 /* SignupViewModel.swift */ = {isa = PBXFileReference; lastKnownFileType = sourcecode.swift; path = SignupViewModel.swift; sourceTree = "<group>"; };
		4C86E0DD2785B98E00963717 /* Observable.swift */ = {isa = PBXFileReference; lastKnownFileType = sourcecode.swift; path = Observable.swift; sourceTree = "<group>"; };
		4C86E0E32785F17300963717 /* SesacAppProj.app */ = {isa = PBXFileReference; explicitFileType = wrapper.application; includeInIndex = 0; name = SesacAppProj.app; path = "/Users/leegyeonghu/SesacAppProj/SesacAppProj/build/Debug-iphoneos/SesacAppProj.app"; sourceTree = "<absolute>"; };
		4C86E0E42785FA6700963717 /* SigninViewModel.swift */ = {isa = PBXFileReference; lastKnownFileType = sourcecode.swift; path = SigninViewModel.swift; sourceTree = "<group>"; };
		4C86E0E62786080800963717 /* MainTableViewCell.swift */ = {isa = PBXFileReference; lastKnownFileType = sourcecode.swift; path = MainTableViewCell.swift; sourceTree = "<group>"; };
		4C86E0E82786107600963717 /* MainViewModel.swift */ = {isa = PBXFileReference; lastKnownFileType = sourcecode.swift; path = MainViewModel.swift; sourceTree = "<group>"; };
		4C86E0EE2786E3C600963717 /* WriteViewController.swift */ = {isa = PBXFileReference; lastKnownFileType = sourcecode.swift; path = WriteViewController.swift; sourceTree = "<group>"; };
		4C86E0F02786E41B00963717 /* DetailPostViewController.swift */ = {isa = PBXFileReference; lastKnownFileType = sourcecode.swift; path = DetailPostViewController.swift; sourceTree = "<group>"; };
		4C86E0F42786E4B800963717 /* DetailPostTableViewCell.swift */ = {isa = PBXFileReference; lastKnownFileType = sourcecode.swift; path = DetailPostTableViewCell.swift; sourceTree = "<group>"; };
		4C86E0F62786E96A00963717 /* PostTopView.swift */ = {isa = PBXFileReference; lastKnownFileType = sourcecode.swift; path = PostTopView.swift; sourceTree = "<group>"; };
		4C86E0F82786F8EB00963717 /* DetailPostViewModel.swift */ = {isa = PBXFileReference; lastKnownFileType = sourcecode.swift; path = DetailPostViewModel.swift; sourceTree = "<group>"; };
		4C86E0FA27870AAE00963717 /* UILabel + Class.swift */ = {isa = PBXFileReference; lastKnownFileType = sourcecode.swift; path = "UILabel + Class.swift"; sourceTree = "<group>"; };
		4C86E124278BF68700963717 /* String + Date + Extension.swift */ = {isa = PBXFileReference; lastKnownFileType = sourcecode.swift; path = "String + Date + Extension.swift"; sourceTree = "<group>"; };
/* End PBXFileReference section */

/* Begin PBXFrameworksBuildPhase section */
		4C86E07F27834DEE00963717 /* Frameworks */ = {
			isa = PBXFrameworksBuildPhase;
			buildActionMask = 2147483647;
			files = (
				4C86E0B52784593B00963717 /* RxSwift in Frameworks */,
				4C86E0B32784593B00963717 /* RxCocoa in Frameworks */,
				4C86E09B27834E0C00963717 /* SnapKit in Frameworks */,
			);
			runOnlyForDeploymentPostprocessing = 0;
		};
/* End PBXFrameworksBuildPhase section */

/* Begin PBXGroup section */
		4C86E07927834DEE00963717 = {
			isa = PBXGroup;
			children = (
				4C86E08427834DEE00963717 /* SesacAppProj */,
			);
			sourceTree = "<group>";
		};
		4C86E08427834DEE00963717 /* SesacAppProj */ = {
			isa = PBXGroup;
			children = (
				4C86E08E27834DF100963717 /* Assets.xcassets */,
				4C86E09327834DF100963717 /* Info.plist */,
				4C86E08527834DEE00963717 /* AppDelegate.swift */,
				4C86E08727834DEE00963717 /* SceneDelegate.swift */,
				4C86E0C92784AFBB00963717 /* API */,
				4C86E0AE2784405500963717 /* Extension */,
				4C86E09E27834E7900963717 /* Model */,
				4C86E09C27834E6A00963717 /* View */,
				4C86E09D27834E7000963717 /* ViewModel */,
			);
			path = SesacAppProj;
			sourceTree = "<group>";
		};
		4C86E09C27834E6A00963717 /* View */ = {
			isa = PBXGroup;
			children = (
				4C86E0AF2784415E00963717 /* BaseViewController.swift */,
				4C86E0A6278437F100963717 /* StartViewController.swift */,
				4C86E0B827845A8900963717 /* SignUpViewController.swift */,
				4C86E0B627845A7C00963717 /* SignInViewController.swift */,
				4C86E0E62786080800963717 /* MainTableViewCell.swift */,
				4C86E08927834DEE00963717 /* MainViewController.swift */,
				4C86E0EE2786E3C600963717 /* WriteViewController.swift */,
				4C86E0F62786E96A00963717 /* PostTopView.swift */,
				4C86E0F42786E4B800963717 /* DetailPostTableViewCell.swift */,
				4C86E0F02786E41B00963717 /* DetailPostViewController.swift */,
			);
			path = View;
			sourceTree = "<group>";
		};
		4C86E09D27834E7000963717 /* ViewModel */ = {
			isa = PBXGroup;
			children = (
				4C86E0DB2785B96800963717 /* SignupViewModel.swift */,
				4C86E0E42785FA6700963717 /* SigninViewModel.swift */,
				4C86E0E82786107600963717 /* MainViewModel.swift */,
				4C86E0F82786F8EB00963717 /* DetailPostViewModel.swift */,
			);
			path = ViewModel;
			sourceTree = "<group>";
		};
		4C86E09E27834E7900963717 /* Model */ = {
			isa = PBXGroup;
			children = (
				4C86E0DD2785B98E00963717 /* Observable.swift */,
				4C86E0C7278489C000963717 /* Model.swift */,
			);
			path = Model;
			sourceTree = "<group>";
		};
		4C86E0AE2784405500963717 /* Extension */ = {
			isa = PBXGroup;
			children = (
				4C86E0C02784762C00963717 /* UIViewController + Extension.swift */,
				4C86E0FA27870AAE00963717 /* UILabel + Class.swift */,
				4C86E124278BF68700963717 /* String + Date + Extension.swift */,
			);
			path = Extension;
			sourceTree = "<group>";
		};
		4C86E0C92784AFBB00963717 /* API */ = {
			isa = PBXGroup;
			children = (
				4C86E0AA27843F8500963717 /* APIService.swift */,
				4C86E0CA2784AFC800963717 /* EndPoint.swift */,
			);
			path = API;
			sourceTree = "<group>";
		};
/* End PBXGroup section */

/* Begin PBXNativeTarget section */
		4C86E08127834DEE00963717 /* SesacAppProj */ = {
			isa = PBXNativeTarget;
			buildConfigurationList = 4C86E09627834DF100963717 /* Build configuration list for PBXNativeTarget "SesacAppProj" */;
			buildPhases = (
				4C86E07E27834DEE00963717 /* Sources */,
				4C86E07F27834DEE00963717 /* Frameworks */,
				4C86E08027834DEE00963717 /* Resources */,
			);
			buildRules = (
			);
			dependencies = (
			);
			name = SesacAppProj;
			packageProductDependencies = (
				4C86E09A27834E0C00963717 /* SnapKit */,
				4C86E0B22784593B00963717 /* RxCocoa */,
				4C86E0B42784593B00963717 /* RxSwift */,
			);
			productName = SesacAppProj;
			productReference = 4C86E0E32785F17300963717 /* SesacAppProj.app */;
			productType = "com.apple.product-type.application";
		};
/* End PBXNativeTarget section */

/* Begin PBXProject section */
		4C86E07A27834DEE00963717 /* Project object */ = {
			isa = PBXProject;
			attributes = {
				BuildIndependentTargetsInParallel = 1;
				LastSwiftUpdateCheck = 1310;
				LastUpgradeCheck = 1310;
				TargetAttributes = {
					4C86E08127834DEE00963717 = {
						CreatedOnToolsVersion = 13.1;
					};
				};
			};
			buildConfigurationList = 4C86E07D27834DEE00963717 /* Build configuration list for PBXProject "SesacAppProj" */;
			compatibilityVersion = "Xcode 13.0";
			developmentRegion = en;
			hasScannedForEncodings = 0;
			knownRegions = (
				en,
				Base,
			);
			mainGroup = 4C86E07927834DEE00963717;
			packageReferences = (
				4C86E09927834E0C00963717 /* XCRemoteSwiftPackageReference "SnapKit" */,
				4C86E0B12784593B00963717 /* XCRemoteSwiftPackageReference "RxSwift" */,
			);
			productRefGroup = 4C86E07927834DEE00963717;
			projectDirPath = "";
			projectRoot = "";
			targets = (
				4C86E08127834DEE00963717 /* SesacAppProj */,
			);
		};
/* End PBXProject section */

/* Begin PBXResourcesBuildPhase section */
		4C86E08027834DEE00963717 /* Resources */ = {
			isa = PBXResourcesBuildPhase;
			buildActionMask = 2147483647;
			files = (
				4C86E08F27834DF100963717 /* Assets.xcassets in Resources */,
			);
			runOnlyForDeploymentPostprocessing = 0;
		};
/* End PBXResourcesBuildPhase section */

/* Begin PBXSourcesBuildPhase section */
		4C86E07E27834DEE00963717 /* Sources */ = {
			isa = PBXSourcesBuildPhase;
			buildActionMask = 2147483647;
			files = (
				4C86E0A7278437F100963717 /* StartViewController.swift in Sources */,
				4C86E0EF2786E3C600963717 /* WriteViewController.swift in Sources */,
				4C86E08A27834DEE00963717 /* MainViewController.swift in Sources */,
				4C86E08627834DEE00963717 /* AppDelegate.swift in Sources */,
				4C86E0B927845A8900963717 /* SignUpViewController.swift in Sources */,
				4C86E125278BF68700963717 /* String + Date + Extension.swift in Sources */,
				4C86E0F12786E41B00963717 /* DetailPostViewController.swift in Sources */,
				4C86E0FB27870AAE00963717 /* UILabel + Class.swift in Sources */,
				4C86E0E72786080800963717 /* MainTableViewCell.swift in Sources */,
				4C86E0AB27843F8500963717 /* APIService.swift in Sources */,
				4C86E0B727845A7C00963717 /* SignInViewController.swift in Sources */,
				4C86E0B02784415E00963717 /* BaseViewController.swift in Sources */,
				4C86E0DC2785B96800963717 /* SignupViewModel.swift in Sources */,
				4C86E0C12784762C00963717 /* UIViewController + Extension.swift in Sources */,
				4C86E0F72786E96A00963717 /* PostTopView.swift in Sources */,
				4C86E08827834DEE00963717 /* SceneDelegate.swift in Sources */,
				4C86E0E52785FA6700963717 /* SigninViewModel.swift in Sources */,
				4C86E0F52786E4B800963717 /* DetailPostTableViewCell.swift in Sources */,
				4C86E0DE2785B98E00963717 /* Observable.swift in Sources */,
				4C86E0C8278489C000963717 /* Model.swift in Sources */,
				4C86E0CB2784AFC800963717 /* EndPoint.swift in Sources */,
				4C86E0F92786F8EB00963717 /* DetailPostViewModel.swift in Sources */,
				4C86E0E92786107600963717 /* MainViewModel.swift in Sources */,
			);
			runOnlyForDeploymentPostprocessing = 0;
		};
/* End PBXSourcesBuildPhase section */

/* Begin XCBuildConfiguration section */
		4C86E09427834DF100963717 /* Debug */ = {
			isa = XCBuildConfiguration;
			buildSettings = {
				ALWAYS_SEARCH_USER_PATHS = NO;
				CLANG_ANALYZER_NONNULL = YES;
				CLANG_ANALYZER_NUMBER_OBJECT_CONVERSION = YES_AGGRESSIVE;
				CLANG_CXX_LANGUAGE_STANDARD = "gnu++17";
				CLANG_CXX_LIBRARY = "libc++";
				CLANG_ENABLE_MODULES = YES;
				CLANG_ENABLE_OBJC_ARC = YES;
				CLANG_ENABLE_OBJC_WEAK = YES;
				CLANG_WARN_BLOCK_CAPTURE_AUTORELEASING = YES;
				CLANG_WARN_BOOL_CONVERSION = YES;
				CLANG_WARN_COMMA = YES;
				CLANG_WARN_CONSTANT_CONVERSION = YES;
				CLANG_WARN_DEPRECATED_OBJC_IMPLEMENTATIONS = YES;
				CLANG_WARN_DIRECT_OBJC_ISA_USAGE = YES_ERROR;
				CLANG_WARN_DOCUMENTATION_COMMENTS = YES;
				CLANG_WARN_EMPTY_BODY = YES;
				CLANG_WARN_ENUM_CONVERSION = YES;
				CLANG_WARN_INFINITE_RECURSION = YES;
				CLANG_WARN_INT_CONVERSION = YES;
				CLANG_WARN_NON_LITERAL_NULL_CONVERSION = YES;
				CLANG_WARN_OBJC_IMPLICIT_RETAIN_SELF = YES;
				CLANG_WARN_OBJC_LITERAL_CONVERSION = YES;
				CLANG_WARN_OBJC_ROOT_CLASS = YES_ERROR;
				CLANG_WARN_QUOTED_INCLUDE_IN_FRAMEWORK_HEADER = YES;
				CLANG_WARN_RANGE_LOOP_ANALYSIS = YES;
				CLANG_WARN_STRICT_PROTOTYPES = YES;
				CLANG_WARN_SUSPICIOUS_MOVE = YES;
				CLANG_WARN_UNGUARDED_AVAILABILITY = YES_AGGRESSIVE;
				CLANG_WARN_UNREACHABLE_CODE = YES;
				CLANG_WARN__DUPLICATE_METHOD_MATCH = YES;
				COPY_PHASE_STRIP = NO;
				DEBUG_INFORMATION_FORMAT = dwarf;
				ENABLE_STRICT_OBJC_MSGSEND = YES;
				ENABLE_TESTABILITY = YES;
				GCC_C_LANGUAGE_STANDARD = gnu11;
				GCC_DYNAMIC_NO_PIC = NO;
				GCC_NO_COMMON_BLOCKS = YES;
				GCC_OPTIMIZATION_LEVEL = 0;
				GCC_PREPROCESSOR_DEFINITIONS = (
					"DEBUG=1",
					"$(inherited)",
				);
				GCC_WARN_64_TO_32_BIT_CONVERSION = YES;
				GCC_WARN_ABOUT_RETURN_TYPE = YES_ERROR;
				GCC_WARN_UNDECLARED_SELECTOR = YES;
				GCC_WARN_UNINITIALIZED_AUTOS = YES_AGGRESSIVE;
				GCC_WARN_UNUSED_FUNCTION = YES;
				GCC_WARN_UNUSED_VARIABLE = YES;
				IPHONEOS_DEPLOYMENT_TARGET = 15.0;
				MTL_ENABLE_DEBUG_INFO = INCLUDE_SOURCE;
				MTL_FAST_MATH = YES;
				ONLY_ACTIVE_ARCH = YES;
				SDKROOT = iphoneos;
				SWIFT_ACTIVE_COMPILATION_CONDITIONS = DEBUG;
				SWIFT_OPTIMIZATION_LEVEL = "-Onone";
			};
			name = Debug;
		};
		4C86E09527834DF100963717 /* Release */ = {
			isa = XCBuildConfiguration;
			buildSettings = {
				ALWAYS_SEARCH_USER_PATHS = NO;
				CLANG_ANALYZER_NONNULL = YES;
				CLANG_ANALYZER_NUMBER_OBJECT_CONVERSION = YES_AGGRESSIVE;
				CLANG_CXX_LANGUAGE_STANDARD = "gnu++17";
				CLANG_CXX_LIBRARY = "libc++";
				CLANG_ENABLE_MODULES = YES;
				CLANG_ENABLE_OBJC_ARC = YES;
				CLANG_ENABLE_OBJC_WEAK = YES;
				CLANG_WARN_BLOCK_CAPTURE_AUTORELEASING = YES;
				CLANG_WARN_BOOL_CONVERSION = YES;
				CLANG_WARN_COMMA = YES;
				CLANG_WARN_CONSTANT_CONVERSION = YES;
				CLANG_WARN_DEPRECATED_OBJC_IMPLEMENTATIONS = YES;
				CLANG_WARN_DIRECT_OBJC_ISA_USAGE = YES_ERROR;
				CLANG_WARN_DOCUMENTATION_COMMENTS = YES;
				CLANG_WARN_EMPTY_BODY = YES;
				CLANG_WARN_ENUM_CONVERSION = YES;
				CLANG_WARN_INFINITE_RECURSION = YES;
				CLANG_WARN_INT_CONVERSION = YES;
				CLANG_WARN_NON_LITERAL_NULL_CONVERSION = YES;
				CLANG_WARN_OBJC_IMPLICIT_RETAIN_SELF = YES;
				CLANG_WARN_OBJC_LITERAL_CONVERSION = YES;
				CLANG_WARN_OBJC_ROOT_CLASS = YES_ERROR;
				CLANG_WARN_QUOTED_INCLUDE_IN_FRAMEWORK_HEADER = YES;
				CLANG_WARN_RANGE_LOOP_ANALYSIS = YES;
				CLANG_WARN_STRICT_PROTOTYPES = YES;
				CLANG_WARN_SUSPICIOUS_MOVE = YES;
				CLANG_WARN_UNGUARDED_AVAILABILITY = YES_AGGRESSIVE;
				CLANG_WARN_UNREACHABLE_CODE = YES;
				CLANG_WARN__DUPLICATE_METHOD_MATCH = YES;
				COPY_PHASE_STRIP = NO;
				DEBUG_INFORMATION_FORMAT = "dwarf-with-dsym";
				ENABLE_NS_ASSERTIONS = NO;
				ENABLE_STRICT_OBJC_MSGSEND = YES;
				GCC_C_LANGUAGE_STANDARD = gnu11;
				GCC_NO_COMMON_BLOCKS = YES;
				GCC_WARN_64_TO_32_BIT_CONVERSION = YES;
				GCC_WARN_ABOUT_RETURN_TYPE = YES_ERROR;
				GCC_WARN_UNDECLARED_SELECTOR = YES;
				GCC_WARN_UNINITIALIZED_AUTOS = YES_AGGRESSIVE;
				GCC_WARN_UNUSED_FUNCTION = YES;
				GCC_WARN_UNUSED_VARIABLE = YES;
				IPHONEOS_DEPLOYMENT_TARGET = 15.0;
				MTL_ENABLE_DEBUG_INFO = NO;
				MTL_FAST_MATH = YES;
				SDKROOT = iphoneos;
				SWIFT_COMPILATION_MODE = wholemodule;
				SWIFT_OPTIMIZATION_LEVEL = "-O";
				VALIDATE_PRODUCT = YES;
			};
			name = Release;
		};
		4C86E09727834DF100963717 /* Debug */ = {
			isa = XCBuildConfiguration;
			buildSettings = {
				ASSETCATALOG_COMPILER_APPICON_NAME = AppIcon;
				ASSETCATALOG_COMPILER_GLOBAL_ACCENT_COLOR_NAME = AccentColor;
				CODE_SIGN_ENTITLEMENTS = "";
				CODE_SIGN_STYLE = Automatic;
				CURRENT_PROJECT_VERSION = 1;
				DEVELOPMENT_TEAM = 46QF7GBZH7;
				GENERATE_INFOPLIST_FILE = YES;
				INFOPLIST_FILE = SesacAppProj/Info.plist;
				INFOPLIST_KEY_UIApplicationSupportsIndirectInputEvents = YES;
				INFOPLIST_KEY_UILaunchStoryboardName = LaunchScreen;
				INFOPLIST_KEY_UISupportedInterfaceOrientations_iPad = "UIInterfaceOrientationPortrait UIInterfaceOrientationPortraitUpsideDown UIInterfaceOrientationLandscapeLeft UIInterfaceOrientationLandscapeRight";
				INFOPLIST_KEY_UISupportedInterfaceOrientations_iPhone = "UIInterfaceOrientationPortrait UIInterfaceOrientationLandscapeLeft UIInterfaceOrientationLandscapeRight";
				LD_RUNPATH_SEARCH_PATHS = (
					"$(inherited)",
					"@executable_path/Frameworks",
				);
				MARKETING_VERSION = 1.0;
				PRODUCT_BUNDLE_IDENTIFIER = usKet.SesacAppProj;
				PRODUCT_NAME = "$(TARGET_NAME)";
				SWIFT_EMIT_LOC_STRINGS = YES;
				SWIFT_VERSION = 5.0;
				TARGETED_DEVICE_FAMILY = 1;
			};
			name = Debug;
		};
		4C86E09827834DF100963717 /* Release */ = {
			isa = XCBuildConfiguration;
			buildSettings = {
				ASSETCATALOG_COMPILER_APPICON_NAME = AppIcon;
				ASSETCATALOG_COMPILER_GLOBAL_ACCENT_COLOR_NAME = AccentColor;
				CODE_SIGN_ENTITLEMENTS = "";
				CODE_SIGN_STYLE = Automatic;
				CURRENT_PROJECT_VERSION = 1;
				DEVELOPMENT_TEAM = 46QF7GBZH7;
				GENERATE_INFOPLIST_FILE = YES;
				INFOPLIST_FILE = SesacAppProj/Info.plist;
				INFOPLIST_KEY_UIApplicationSupportsIndirectInputEvents = YES;
				INFOPLIST_KEY_UILaunchStoryboardName = LaunchScreen;
				INFOPLIST_KEY_UISupportedInterfaceOrientations_iPad = "UIInterfaceOrientationPortrait UIInterfaceOrientationPortraitUpsideDown UIInterfaceOrientationLandscapeLeft UIInterfaceOrientationLandscapeRight";
				INFOPLIST_KEY_UISupportedInterfaceOrientations_iPhone = "UIInterfaceOrientationPortrait UIInterfaceOrientationLandscapeLeft UIInterfaceOrientationLandscapeRight";
				LD_RUNPATH_SEARCH_PATHS = (
					"$(inherited)",
					"@executable_path/Frameworks",
				);
				MARKETING_VERSION = 1.0;
				PRODUCT_BUNDLE_IDENTIFIER = usKet.SesacAppProj;
				PRODUCT_NAME = "$(TARGET_NAME)";
				SWIFT_EMIT_LOC_STRINGS = YES;
				SWIFT_VERSION = 5.0;
				TARGETED_DEVICE_FAMILY = 1;
			};
			name = Release;
		};
/* End XCBuildConfiguration section */

/* Begin XCConfigurationList section */
		4C86E07D27834DEE00963717 /* Build configuration list for PBXProject "SesacAppProj" */ = {
			isa = XCConfigurationList;
			buildConfigurations = (
				4C86E09427834DF100963717 /* Debug */,
				4C86E09527834DF100963717 /* Release */,
			);
			defaultConfigurationIsVisible = 0;
			defaultConfigurationName = Release;
		};
		4C86E09627834DF100963717 /* Build configuration list for PBXNativeTarget "SesacAppProj" */ = {
			isa = XCConfigurationList;
			buildConfigurations = (
				4C86E09727834DF100963717 /* Debug */,
				4C86E09827834DF100963717 /* Release */,
			);
			defaultConfigurationIsVisible = 0;
			defaultConfigurationName = Release;
		};
/* End XCConfigurationList section */

/* Begin XCRemoteSwiftPackageReference section */
		4C86E09927834E0C00963717 /* XCRemoteSwiftPackageReference "SnapKit" */ = {
			isa = XCRemoteSwiftPackageReference;
			repositoryURL = "https://github.com/SnapKit/SnapKit";
			requirement = {
				kind = upToNextMajorVersion;
				minimumVersion = 5.0.0;
			};
		};
		4C86E0B12784593B00963717 /* XCRemoteSwiftPackageReference "RxSwift" */ = {
			isa = XCRemoteSwiftPackageReference;
			repositoryURL = "https://github.com/ReactiveX/RxSwift";
			requirement = {
				kind = upToNextMajorVersion;
				minimumVersion = 6.0.0;
			};
		};
/* End XCRemoteSwiftPackageReference section */

/* Begin XCSwiftPackageProductDependency section */
		4C86E09A27834E0C00963717 /* SnapKit */ = {
			isa = XCSwiftPackageProductDependency;
			package = 4C86E09927834E0C00963717 /* XCRemoteSwiftPackageReference "SnapKit" */;
			productName = SnapKit;
		};
		4C86E0B22784593B00963717 /* RxCocoa */ = {
			isa = XCSwiftPackageProductDependency;
			package = 4C86E0B12784593B00963717 /* XCRemoteSwiftPackageReference "RxSwift" */;
			productName = RxCocoa;
		};
		4C86E0B42784593B00963717 /* RxSwift */ = {
			isa = XCSwiftPackageProductDependency;
			package = 4C86E0B12784593B00963717 /* XCRemoteSwiftPackageReference "RxSwift" */;
			productName = RxSwift;
		};
/* End XCSwiftPackageProductDependency section */
	};
	rootObject = 4C86E07A27834DEE00963717 /* Project object */;
}
